
Microsoft Visual Studio Solution File, Format Version 12.00
# Visual Studio Version 16
VisualStudioVersion = 16.0.30907.101
MinimumVisualStudioVersion = 10.0.40219.1
Project("{FAE04EC0-301F-11D3-BF4B-00C04F79EFBC}") = "RetailManager", "RetailManager\RetailManager.csproj", "{3995757B-3275-4FCE-A13B-EFE0B3A67468}"
EndProject
Global
	GlobalSection(SolutionConfigurationPlatforms) = preSolution
		Debug|Any CPU = Debug|Any CPU
		Release|Any CPU = Release|Any CPU
	EndGlobalSection
	GlobalSection(ProjectConfigurationPlatforms) = postSolution
		{3995757B-3275-4FCE-A13B-EFE0B3A67468}.Debug|Any CPU.ActiveCfg = Debug|Any CPU
		{3995757B-3275-4FCE-A13B-EFE0B3A67468}.Debug|Any CPU.Build.0 = Debug|Any CPU
		{3995757B-3275-4FCE-A13B-EFE0B3A67468}.Release|Any CPU.ActiveCfg = Release|Any CPU
		{3995757B-3275-4FCE-A13B-EFE0B3A67468}.Release|Any CPU.Build.0 = Release|Any CPU
	EndGlobalSection
	GlobalSection(SolutionProperties) = preSolution
		HideSolutionNode = FALSE
	EndGlobalSection
	GlobalSection(ExtensibilityGlobals) = postSolution
		SolutionGuid = {3871B522-D9FA-4234-896E-4317D9B23565}
	EndGlobalSection
EndGlobal
